<?xml version="1.0" encoding="utf-8"?>
<Project ToolsVersion="4.0" xmlns="http://schemas.microsoft.com/developer/msbuild/2003">
  <ItemGroup>
    <ClInclude Include="pPlayer.h">
      <Filter>Contents</Filter>
    </ClInclude>
    <ClInclude Include="pPlayScene.h">
      <Filter>Scenes</Filter>
    </ClInclude>
    <ClInclude Include="pTitleScene.h">
      <Filter>Scenes</Filter>
    </ClInclude>
    <ClInclude Include="pPlayerScript.h">
      <Filter>Scripts</Filter>
    </ClInclude>
    <ClInclude Include="pCat.h">
      <Filter>Contents</Filter>
    </ClInclude>
    <ClInclude Include="pCatScript.h">
      <Filter>Scripts</Filter>
    </ClInclude>
    <ClInclude Include="LoadResources.h">
      <Filter>Load</Filter>
    </ClInclude>
    <ClInclude Include="pCameraScript.h">
      <Filter>Scripts</Filter>
    </ClInclude>
    <ClInclude Include="pTile.h">
      <Filter>Contents</Filter>
    </ClInclude>
    <ClInclude Include="pToolScene.h">
      <Filter>Scenes</Filter>
    </ClInclude>
    <ClInclude Include="pFloor.h">
      <Filter>Contents</Filter>
    </ClInclude>
    <ClInclude Include="pFloorScript.h">
      <Filter>Scripts</Filter>
    </ClInclude>
    <ClInclude Include="pLoadScene.h">
      <Filter>Load</Filter>
    </ClInclude>
    <ClInclude Include="pCactus.h">
      <Filter>Contents</Filter>
    </ClInclude>
    <ClInclude Include="pCactusScript.h">
      <Filter>Scripts</Filter>
    </ClInclude>
    <ClInclude Include="pBackGround.h">
      <Filter>Contents</Filter>
    </ClInclude>
    <ClInclude Include="pParticle.h">
      <Filter>Contents</Filter>
    </ClInclude>
    <ClInclude Include="pParticleScript.h">
      <Filter>Scripts</Filter>
    </ClInclude>
    <ClInclude Include="pBackgroundScript.h">
      <Filter>Scripts</Filter>
    </ClInclude>
    <ClInclude Include="resource.h" />
  </ItemGroup>
  <ItemGroup>
    <Filter Include="Scenes">
      <UniqueIdentifier>{3b831e3c-c820-40e6-b157-8d1933015ea8}</UniqueIdentifier>
    </Filter>
    <Filter Include="Contents">
      <UniqueIdentifier>{606209ca-6c14-4107-8afa-442ffe002adb}</UniqueIdentifier>
    </Filter>
    <Filter Include="Scripts">
      <UniqueIdentifier>{9ecf5f12-6270-4789-a8c5-2452eb42dcc9}</UniqueIdentifier>
    </Filter>
    <Filter Include="Load">
      <UniqueIdentifier>{a05821c2-b3f9-4b54-94d6-a25a543d9600}</UniqueIdentifier>
    </Filter>
    <Filter Include="Resources">
      <UniqueIdentifier>{c93af7aa-d13e-4233-866f-5ac49d2dec17}</UniqueIdentifier>
    </Filter>
  </ItemGroup>
  <ItemGroup>
    <ClCompile Include="pPlayScene.cpp">
      <Filter>Scenes</Filter>
    </ClCompile>
    <ClCompile Include="pTitleScene.cpp">
      <Filter>Scenes</Filter>
    </ClCompile>
    <ClCompile Include="pPlayer.cpp">
      <Filter>Contents</Filter>
    </ClCompile>
    <ClCompile Include="pPlayerScript.cpp">
      <Filter>Scripts</Filter>
    </ClCompile>
    <ClCompile Include="pCat.cpp">
      <Filter>Contents</Filter>
    </ClCompile>
    <ClCompile Include="pCatScript.cpp">
      <Filter>Scripts</Filter>
    </ClCompile>
    <ClCompile Include="pCameraScript.cpp">
      <Filter>Scripts</Filter>
    </ClCompile>
    <ClCompile Include="pTile.cpp">
      <Filter>Contents</Filter>
    </ClCompile>
    <ClCompile Include="pToolScene.cpp">
      <Filter>Scenes</Filter>
    </ClCompile>
    <ClCompile Include="pFloor.cpp">
      <Filter>Contents</Filter>
    </ClCompile>
    <ClCompile Include="pFloorScript.cpp">
      <Filter>Scripts</Filter>
    </ClCompile>
    <ClCompile Include="pCactus.cpp">
      <Filter>Contents</Filter>
    </ClCompile>
    <ClCompile Include="pCactusScript.cpp">
      <Filter>Scripts</Filter>
    </ClCompile>
    <ClCompile Include="pBackGround.cpp">
      <Filter>Contents</Filter>
    </ClCompile>
    <ClCompile Include="pParticle.cpp">
      <Filter>Contents</Filter>
    </ClCompile>
    <ClCompile Include="pParticleScript.cpp">
      <Filter>Scripts</Filter>
    </ClCompile>
    <ClCompile Include="pBackgroundScript.cpp">
      <Filter>Scripts</Filter>
    </ClCompile>
  </ItemGroup>
  <ItemGroup>
    <Image Include="Resources\dinosaur\UI Over.png">
      <Filter>Resources</Filter>
    </Image>
    <Image Include="Resources\dinosaur\Back A.png">
      <Filter>Resources</Filter>
    </Image>
    <Image Include="Resources\dinosaur\Back B.png">
      <Filter>Resources</Filter>
    </Image>
    <Image Include="Resources\dinosaur\Cactus A.png">
      <Filter>Resources</Filter>
    </Image>
    <Image Include="Resources\dinosaur\Cactus B.png">
      <Filter>Resources</Filter>
    </Image>
    <Image Include="Resources\dinosaur\Cactus C.png">
      <Filter>Resources</Filter>
    </Image>
    <Image Include="Resources\dinosaur\Cloud A.png">
      <Filter>Resources</Filter>
    </Image>
    <Image Include="Resources\dinosaur\Cloud B.png">
      <Filter>Resources</Filter>
    </Image>
    <Image Include="Resources\dinosaur\Ground.png">
      <Filter>Resources</Filter>
    </Image>
    <Image Include="Resources\dinosaur\Player.png">
      <Filter>Resources</Filter>
    </Image>
    <Image Include="Resources\dinosaur\Sky.png">
      <Filter>Resources</Filter>
    </Image>
    <Image Include="Resources\dinosaur\UI Btn Down.png">
      <Filter>Resources</Filter>
    </Image>
    <Image Include="Resources\dinosaur\UI Btn On.png">
      <Filter>Resources</Filter>
    </Image>
    <Image Include="bitmap1.bmp" />
  </ItemGroup>
  <ItemGroup>
    <ResourceCompile Include="MyEngine_Window.rc" />
  </ItemGroup>
</Project>